
Microsoft Visual Studio Solution File, Format Version 12.00
# Visual Studio 15
VisualStudioVersion = 15.0.28307.329
MinimumVisualStudioVersion = 10.0.40219.1
Project("{FAE04EC0-301F-11D3-BF4B-00C04F79EFBC}") = "Dog", "Dog\Dog.csproj", "{0C210D22-554D-4E4D-91C0-129B6CCE9407}"
EndProject
Global
	GlobalSection(SolutionConfigurationPlatforms) = preSolution
		Debug|Any CPU = Debug|Any CPU
		Release|Any CPU = Release|Any CPU
	EndGlobalSection
	GlobalSection(ProjectConfigurationPlatforms) = postSolution
		{0C210D22-554D-4E4D-91C0-129B6CCE9407}.Debug|Any CPU.ActiveCfg = Debug|Any CPU
		{0C210D22-554D-4E4D-91C0-129B6CCE9407}.Debug|Any CPU.Build.0 = Debug|Any CPU
		{0C210D22-554D-4E4D-91C0-129B6CCE9407}.Release|Any CPU.ActiveCfg = Release|Any CPU
		{0C210D22-554D-4E4D-91C0-129B6CCE9407}.Release|Any CPU.Build.0 = Release|Any CPU
	EndGlobalSection
	GlobalSection(SolutionProperties) = preSolution
		HideSolutionNode = FALSE
	EndGlobalSection
	GlobalSection(ExtensibilityGlobals) = postSolution
		SolutionGuid = {D5D6D263-D596-479E-B32D-89A2C3660050}
	EndGlobalSection
EndGlobal
